// !$*UTF8*$!
{
	archiveVersion = 1;
	classes = {
	};
	objectVersion = 50;
	objects = {

/* Begin PBXBuildFile section */
		6D88B91B2701B51000D5E479 /* AppDelegate.swift in Sources */ = {isa = PBXBuildFile; fileRef = 6D88B91A2701B51000D5E479 /* AppDelegate.swift */; };
		6D88B91D2701B51000D5E479 /* SceneDelegate.swift in Sources */ = {isa = PBXBuildFile; fileRef = 6D88B91C2701B51000D5E479 /* SceneDelegate.swift */; };
		6D88B91F2701B51000D5E479 /* ViewController.swift in Sources */ = {isa = PBXBuildFile; fileRef = 6D88B91E2701B51000D5E479 /* ViewController.swift */; };
		6D88B9222701B51000D5E479 /* Main.storyboard in Resources */ = {isa = PBXBuildFile; fileRef = 6D88B9202701B51000D5E479 /* Main.storyboard */; };
		6D88B9242701B51200D5E479 /* Assets.xcassets in Resources */ = {isa = PBXBuildFile; fileRef = 6D88B9232701B51200D5E479 /* Assets.xcassets */; };
		6D88B9272701B51200D5E479 /* LaunchScreen.storyboard in Resources */ = {isa = PBXBuildFile; fileRef = 6D88B9252701B51200D5E479 /* LaunchScreen.storyboard */; };
		6D88B92F2701DBB300D5E479 /* CartesianConverter.swift in Sources */ = {isa = PBXBuildFile; fileRef = 6D88B92E2701DBB300D5E479 /* CartesianConverter.swift */; };
		6D88B9312701DBCD00D5E479 /* CircleView.swift in Sources */ = {isa = PBXBuildFile; fileRef = 6D88B9302701DBCD00D5E479 /* CircleView.swift */; };
/* End PBXBuildFile section */

/* Begin PBXFileReference section */
		6D88B9172701B51000D5E479 /* acc.app */ = {isa = PBXFileReference; explicitFileType = wrapper.application; includeInIndex = 0; path = acc.app; sourceTree = BUILT_PRODUCTS_DIR; };
		6D88B91A2701B51000D5E479 /* AppDelegate.swift */ = {isa = PBXFileReference; lastKnownFileType = sourcecode.swift; path = AppDelegate.swift; sourceTree = "<group>"; };
		6D88B91C2701B51000D5E479 /* SceneDelegate.swift */ = {isa = PBXFileReference; lastKnownFileType = sourcecode.swift; path = SceneDelegate.swift; sourceTree = "<group>"; };
		6D88B91E2701B51000D5E479 /* ViewController.swift */ = {isa = PBXFileReference; lastKnownFileType = sourcecode.swift; path = ViewController.swift; sourceTree = "<group>"; };
		6D88B9212701B51000D5E479 /* Base */ = {isa = PBXFileReference; lastKnownFileType = file.storyboard; name = Base; path = Base.lproj/Main.storyboard; sourceTree = "<group>"; };
		6D88B9232701B51200D5E479 /* Assets.xcassets */ = {isa = PBXFileReference; lastKnownFileType = folder.assetcatalog; path = Assets.xcassets; sourceTree = "<group>"; };
		6D88B9262701B51200D5E479 /* Base */ = {isa = PBXFileReference; lastKnownFileType = file.storyboard; name = Base; path = Base.lproj/LaunchScreen.storyboard; sourceTree = "<group>"; };
		6D88B9282701B51200D5E479 /* Info.plist */ = {isa = PBXFileReference; lastKnownFileType = text.plist.xml; path = Info.plist; sourceTree = "<group>"; };
		6D88B92E2701DBB300D5E479 /* CartesianConverter.swift */ = {isa = PBXFileReference; lastKnownFileType = sourcecode.swift; path = CartesianConverter.swift; sourceTree = "<group>"; };
		6D88B9302701DBCD00D5E479 /* CircleView.swift */ = {isa = PBXFileReference; lastKnownFileType = sourcecode.swift; path = CircleView.swift; sourceTree = "<group>"; };
/* End PBXFileReference section */

/* Begin PBXFrameworksBuildPhase section */
		6D88B9142701B51000D5E479 /* Frameworks */ = {
			isa = PBXFrameworksBuildPhase;
			buildActionMask = 2147483647;
			files = (
			);
			runOnlyForDeploymentPostprocessing = 0;
		};
/* End PBXFrameworksBuildPhase section */

/* Begin PBXGroup section */
		6D88B90E2701B51000D5E479 = {
			isa = PBXGroup;
			children = (
				6D88B9192701B51000D5E479 /* acc */,
				6D88B9182701B51000D5E479 /* Products */,
			);
			sourceTree = "<group>";
		};
		6D88B9182701B51000D5E479 /* Products */ = {
			isa = PBXGroup;
			children = (
				6D88B9172701B51000D5E479 /* acc.app */,
			);
			name = Products;
			sourceTree = "<group>";
		};
		6D88B9192701B51000D5E479 /* acc */ = {
			isa = PBXGroup;
			children = (
				6D88B91A2701B51000D5E479 /* AppDelegate.swift */,
				6D88B91C2701B51000D5E479 /* SceneDelegate.swift */,
				6D88B91E2701B51000D5E479 /* ViewController.swift */,
				6D88B92E2701DBB300D5E479 /* CartesianConverter.swift */,
				6D88B9302701DBCD00D5E479 /* CircleView.swift */,
				6D88B9202701B51000D5E479 /* Main.storyboard */,
				6D88B9232701B51200D5E479 /* Assets.xcassets */,
				6D88B9252701B51200D5E479 /* LaunchScreen.storyboard */,
				6D88B9282701B51200D5E479 /* Info.plist */,
			);
			path = acc;
			sourceTree = "<group>";
		};
/* End PBXGroup section */

/* Begin PBXNativeTarget section */
		6D88B9162701B51000D5E479 /* acc */ = {
			isa = PBXNativeTarget;
			buildConfigurationList = 6D88B92B2701B51200D5E479 /* Build configuration list for PBXNativeTarget "acc" */;
			buildPhases = (
				6D88B9132701B51000D5E479 /* Sources */,
				6D88B9142701B51000D5E479 /* Frameworks */,
				6D88B9152701B51000D5E479 /* Resources */,
			);
			buildRules = (
			);
			dependencies = (
			);
			name = acc;
			productName = acc;
			productReference = 6D88B9172701B51000D5E479 /* acc.app */;
			productType = "com.apple.product-type.application";
		};
/* End PBXNativeTarget section */

/* Begin PBXProject section */
		6D88B90F2701B51000D5E479 /* Project object */ = {
			isa = PBXProject;
			attributes = {
				LastSwiftUpdateCheck = 1250;
				LastUpgradeCheck = 1250;
				TargetAttributes = {
					6D88B9162701B51000D5E479 = {
						CreatedOnToolsVersion = 12.5.1;
					};
				};
			};
			buildConfigurationList = 6D88B9122701B51000D5E479 /* Build configuration list for PBXProject "acc" */;
			compatibilityVersion = "Xcode 9.3";
			developmentRegion = en;
			hasScannedForEncodings = 0;
			knownRegions = (
				en,
				Base,
			);
			mainGroup = 6D88B90E2701B51000D5E479;
			productRefGroup = 6D88B9182701B51000D5E479 /* Products */;
			projectDirPath = "";
			projectRoot = "";
			targets = (
				6D88B9162701B51000D5E479 /* acc */,
			);
		};
/* End PBXProject section */

/* Begin PBXResourcesBuildPhase section */
		6D88B9152701B51000D5E479 /* Resources */ = {
			isa = PBXResourcesBuildPhase;
			buildActionMask = 2147483647;
			files = (
				6D88B9272701B51200D5E479 /* LaunchScreen.storyboard in Resources */,
				6D88B9242701B51200D5E479 /* Assets.xcassets in Resources */,
				6D88B9222701B51000D5E479 /* Main.storyboard in Resources */,
			);
			runOnlyForDeploymentPostprocessing = 0;
		};
/* End PBXResourcesBuildPhase section */

/* Begin PBXSourcesBuildPhase section */
		6D88B9132701B51000D5E479 /* Sources */ = {
			isa = PBXSourcesBuildPhase;
			buildActionMask = 2147483647;
			files = (
				6D88B91F2701B51000D5E479 /* ViewController.swift in Sources */,
				6D88B9312701DBCD00D5E479 /* CircleView.swift in Sources */,
				6D88B92F2701DBB300D5E479 /* CartesianConverter.swift in Sources */,
				6D88B91B2701B51000D5E479 /* AppDelegate.swift in Sources */,
				6D88B91D2701B51000D5E479 /* SceneDelegate.swift in Sources */,
			);
			runOnlyForDeploymentPostprocessing = 0;
		};
/* End PBXSourcesBuildPhase section */

/* Begin PBXVariantGroup section */
		6D88B9202701B51000D5E479 /* Main.storyboard */ = {
			isa = PBXVariantGroup;
			children = (
				6D88B9212701B51000D5E479 /* Base */,
			);
			name = Main.storyboard;
			sourceTree = "<group>";
		};
		6D88B9252701B51200D5E479 /* LaunchScreen.storyboard */ = {
			isa = PBXVariantGroup;
			children = (
				6D88B9262701B51200D5E479 /* Base */,
			);
			name = LaunchScreen.storyboard;
			sourceTree = "<group>";
		};
/* End PBXVariantGroup section */

/* Begin XCBuildConfiguration section */
		6D88B9292701B51200D5E479 /* Debug */ = {
			isa = XCBuildConfiguration;
			buildSettings = {
				ALWAYS_SEARCH_USER_PATHS = NO;
				CLANG_ANALYZER_NONNULL = YES;
				CLANG_ANALYZER_NUMBER_OBJECT_CONVERSION = YES_AGGRESSIVE;
				CLANG_CXX_LANGUAGE_STANDARD = "gnu++14";
				CLANG_CXX_LIBRARY = "libc++";
				CLANG_ENABLE_MODULES = YES;
				CLANG_ENABLE_OBJC_ARC = YES;
				CLANG_ENABLE_OBJC_WEAK = YES;
				CLANG_WARN_BLOCK_CAPTURE_AUTORELEASING = YES;
				CLANG_WARN_BOOL_CONVERSION = YES;
				CLANG_WARN_COMMA = YES;
				CLANG_WARN_CONSTANT_CONVERSION = YES;
				CLANG_WARN_DEPRECATED_OBJC_IMPLEMENTATIONS = YES;
				CLANG_WARN_DIRECT_OBJC_ISA_USAGE = YES_ERROR;
				CLANG_WARN_DOCUMENTATION_COMMENTS = YES;
				CLANG_WARN_EMPTY_BODY = YES;
				CLANG_WARN_ENUM_CONVERSION = YES;
				CLANG_WARN_INFINITE_RECURSION = YES;
				CLANG_WARN_INT_CONVERSION = YES;
				CLANG_WARN_NON_LITERAL_NULL_CONVERSION = YES;
				CLANG_WARN_OBJC_IMPLICIT_RETAIN_SELF = YES;
				CLANG_WARN_OBJC_LITERAL_CONVERSION = YES;
				CLANG_WARN_OBJC_ROOT_CLASS = YES_ERROR;
				CLANG_WARN_QUOTED_INCLUDE_IN_FRAMEWORK_HEADER = YES;
				CLANG_WARN_RANGE_LOOP_ANALYSIS = YES;
				CLANG_WARN_STRICT_PROTOTYPES = YES;
				CLANG_WARN_SUSPICIOUS_MOVE = YES;
				CLANG_WARN_UNGUARDED_AVAILABILITY = YES_AGGRESSIVE;
				CLANG_WARN_UNREACHABLE_CODE = YES;
				CLANG_WARN__DUPLICATE_METHOD_MATCH = YES;
				COPY_PHASE_STRIP = NO;
				DEBUG_INFORMATION_FORMAT = dwarf;
				ENABLE_STRICT_OBJC_MSGSEND = YES;
				ENABLE_TESTABILITY = YES;
				GCC_C_LANGUAGE_STANDARD = gnu11;
				GCC_DYNAMIC_NO_PIC = NO;
				GCC_NO_COMMON_BLOCKS = YES;
				GCC_OPTIMIZATION_LEVEL = 0;
				GCC_PREPROCESSOR_DEFINITIONS = (
					"DEBUG=1",
					"$(inherited)",
				);
				GCC_WARN_64_TO_32_BIT_CONVERSION = YES;
				GCC_WARN_ABOUT_RETURN_TYPE = YES_ERROR;
				GCC_WARN_UNDECLARED_SELECTOR = YES;
				GCC_WARN_UNINITIALIZED_AUTOS = YES_AGGRESSIVE;
				GCC_WARN_UNUSED_FUNCTION = YES;
				GCC_WARN_UNUSED_VARIABLE = YES;
				IPHONEOS_DEPLOYMENT_TARGET = 14.5;
				MTL_ENABLE_DEBUG_INFO = INCLUDE_SOURCE;
				MTL_FAST_MATH = YES;
				ONLY_ACTIVE_ARCH = YES;
				SDKROOT = iphoneos;
				SWIFT_ACTIVE_COMPILATION_CONDITIONS = DEBUG;
				SWIFT_OPTIMIZATION_LEVEL = "-Onone";
			};
			name = Debug;
		};
		6D88B92A2701B51200D5E479 /* Release */ = {
			isa = XCBuildConfiguration;
			buildSettings = {
				ALWAYS_SEARCH_USER_PATHS = NO;
				CLANG_ANALYZER_NONNULL = YES;
				CLANG_ANALYZER_NUMBER_OBJECT_CONVERSION = YES_AGGRESSIVE;
				CLANG_CXX_LANGUAGE_STANDARD = "gnu++14";
				CLANG_CXX_LIBRARY = "libc++";
				CLANG_ENABLE_MODULES = YES;
				CLANG_ENABLE_OBJC_ARC = YES;
				CLANG_ENABLE_OBJC_WEAK = YES;
				CLANG_WARN_BLOCK_CAPTURE_AUTORELEASING = YES;
				CLANG_WARN_BOOL_CONVERSION = YES;
				CLANG_WARN_COMMA = YES;
				CLANG_WARN_CONSTANT_CONVERSION = YES;
				CLANG_WARN_DEPRECATED_OBJC_IMPLEMENTATIONS = YES;
				CLANG_WARN_DIRECT_OBJC_ISA_USAGE = YES_ERROR;
				CLANG_WARN_DOCUMENTATION_COMMENTS = YES;
				CLANG_WARN_EMPTY_BODY = YES;
				CLANG_WARN_ENUM_CONVERSION = YES;
				CLANG_WARN_INFINITE_RECURSION = YES;
				CLANG_WARN_INT_CONVERSION = YES;
				CLANG_WARN_NON_LITERAL_NULL_CONVERSION = YES;
				CLANG_WARN_OBJC_IMPLICIT_RETAIN_SELF = YES;
				CLANG_WARN_OBJC_LITERAL_CONVERSION = YES;
				CLANG_WARN_OBJC_ROOT_CLASS = YES_ERROR;
				CLANG_WARN_QUOTED_INCLUDE_IN_FRAMEWORK_HEADER = YES;
				CLANG_WARN_RANGE_LOOP_ANALYSIS = YES;
				CLANG_WARN_STRICT_PROTOTYPES = YES;
				CLANG_WARN_SUSPICIOUS_MOVE = YES;
				CLANG_WARN_UNGUARDED_AVAILABILITY = YES_AGGRESSIVE;
				CLANG_WARN_UNREACHABLE_CODE = YES;
				CLANG_WARN__DUPLICATE_METHOD_MATCH = YES;
				COPY_PHASE_STRIP = NO;
				DEBUG_INFORMATION_FORMAT = "dwarf-with-dsym";
				ENABLE_NS_ASSERTIONS = NO;
				ENABLE_STRICT_OBJC_MSGSEND = YES;
				GCC_C_LANGUAGE_STANDARD = gnu11;
				GCC_NO_COMMON_BLOCKS = YES;
				GCC_WARN_64_TO_32_BIT_CONVERSION = YES;
				GCC_WARN_ABOUT_RETURN_TYPE = YES_ERROR;
				GCC_WARN_UNDECLARED_SELECTOR = YES;
				GCC_WARN_UNINITIALIZED_AUTOS = YES_AGGRESSIVE;
				GCC_WARN_UNUSED_FUNCTION = YES;
				GCC_WARN_UNUSED_VARIABLE = YES;
				IPHONEOS_DEPLOYMENT_TARGET = 14.5;
				MTL_ENABLE_DEBUG_INFO = NO;
				MTL_FAST_MATH = YES;
				SDKROOT = iphoneos;
				SWIFT_COMPILATION_MODE = wholemodule;
				SWIFT_OPTIMIZATION_LEVEL = "-O";
				VALIDATE_PRODUCT = YES;
			};
			name = Release;
		};
		6D88B92C2701B51200D5E479 /* Debug */ = {
			isa = XCBuildConfiguration;
			buildSettings = {
				ASSETCATALOG_COMPILER_APPICON_NAME = AppIcon;
				ASSETCATALOG_COMPILER_GLOBAL_ACCENT_COLOR_NAME = AccentColor;
				CODE_SIGN_STYLE = Automatic;
				DEVELOPMENT_TEAM = 27QZBQVRT5;
				INFOPLIST_FILE = acc/Info.plist;
				LD_RUNPATH_SEARCH_PATHS = (
					"$(inherited)",
					"@executable_path/Frameworks",
				);
				PRODUCT_BUNDLE_IDENTIFIER = com.deejayfaki.acc;
				PRODUCT_NAME = "$(TARGET_NAME)";
				SWIFT_VERSION = 5.0;
				TARGETED_DEVICE_FAMILY = "1,2";
			};
			name = Debug;
		};
		6D88B92D2701B51200D5E479 /* Release */ = {
			isa = XCBuildConfiguration;
			buildSettings = {
				ASSETCATALOG_COMPILER_APPICON_NAME = AppIcon;
				ASSETCATALOG_COMPILER_GLOBAL_ACCENT_COLOR_NAME = AccentColor;
				CODE_SIGN_STYLE = Automatic;
				DEVELOPMENT_TEAM = 27QZBQVRT5;
				INFOPLIST_FILE = acc/Info.plist;
				LD_RUNPATH_SEARCH_PATHS = (
					"$(inherited)",
					"@executable_path/Frameworks",
				);
				PRODUCT_BUNDLE_IDENTIFIER = com.deejayfaki.acc;
				PRODUCT_NAME = "$(TARGET_NAME)";
				SWIFT_VERSION = 5.0;
				TARGETED_DEVICE_FAMILY = "1,2";
			};
			name = Release;
		};
/* End XCBuildConfiguration section */

/* Begin XCConfigurationList section */
		6D88B9122701B51000D5E479 /* Build configuration list for PBXProject "acc" */ = {
			isa = XCConfigurationList;
			buildConfigurations = (
				6D88B9292701B51200D5E479 /* Debug */,
				6D88B92A2701B51200D5E479 /* Release */,
			);
			defaultConfigurationIsVisible = 0;
			defaultConfigurationName = Release;
		};
		6D88B92B2701B51200D5E479 /* Build configuration list for PBXNativeTarget "acc" */ = {
			isa = XCConfigurationList;
			buildConfigurations = (
				6D88B92C2701B51200D5E479 /* Debug */,
				6D88B92D2701B51200D5E479 /* Release */,
			);
			defaultConfigurationIsVisible = 0;
			defaultConfigurationName = Release;
		};
/* End XCConfigurationList section */
	};
	rootObject = 6D88B90F2701B51000D5E479 /* Project object */;
}
